
Microsoft Visual Studio Solution File, Format Version 12.00
# Visual Studio Version 16
VisualStudioVersion = 16.0.30104.148
MinimumVisualStudioVersion = 10.0.40219.1
Project("{FAE04EC0-301F-11D3-BF4B-00C04F79EFBC}") = "FizzBuzz", "FizzBuzz\FizzBuzz.csproj", "{DB1ACC05-1A19-4713-94BD-64F095FB5FF2}"
EndProject
Global
	GlobalSection(SolutionConfigurationPlatforms) = preSolution
		Debug|Any CPU = Debug|Any CPU
		Release|Any CPU = Release|Any CPU
	EndGlobalSection
	GlobalSection(ProjectConfigurationPlatforms) = postSolution
		{DB1ACC05-1A19-4713-94BD-64F095FB5FF2}.Debug|Any CPU.ActiveCfg = Debug|Any CPU
		{DB1ACC05-1A19-4713-94BD-64F095FB5FF2}.Debug|Any CPU.Build.0 = Debug|Any CPU
		{DB1ACC05-1A19-4713-94BD-64F095FB5FF2}.Release|Any CPU.ActiveCfg = Release|Any CPU
		{DB1ACC05-1A19-4713-94BD-64F095FB5FF2}.Release|Any CPU.Build.0 = Release|Any CPU
	EndGlobalSection
	GlobalSection(SolutionProperties) = preSolution
		HideSolutionNode = FALSE
	EndGlobalSection
	GlobalSection(ExtensibilityGlobals) = postSolution
		SolutionGuid = {8E6B8D0F-0418-4F0D-9666-3E0DBF1001BB}
	EndGlobalSection
EndGlobal
