
Microsoft Visual Studio Solution File, Format Version 12.00
# Visual Studio Version 16
VisualStudioVersion = 16.0.30104.148
MinimumVisualStudioVersion = 10.0.40219.1
Project("{FAE04EC0-301F-11D3-BF4B-00C04F79EFBC}") = "RendaApp", "RendaApp\RendaApp.csproj", "{CA2867CF-BC41-4CFA-83CF-98F981DC3145}"
EndProject
Global
	GlobalSection(SolutionConfigurationPlatforms) = preSolution
		Debug|Any CPU = Debug|Any CPU
		Release|Any CPU = Release|Any CPU
	EndGlobalSection
	GlobalSection(ProjectConfigurationPlatforms) = postSolution
		{CA2867CF-BC41-4CFA-83CF-98F981DC3145}.Debug|Any CPU.ActiveCfg = Debug|Any CPU
		{CA2867CF-BC41-4CFA-83CF-98F981DC3145}.Debug|Any CPU.Build.0 = Debug|Any CPU
		{CA2867CF-BC41-4CFA-83CF-98F981DC3145}.Release|Any CPU.ActiveCfg = Release|Any CPU
		{CA2867CF-BC41-4CFA-83CF-98F981DC3145}.Release|Any CPU.Build.0 = Release|Any CPU
	EndGlobalSection
	GlobalSection(SolutionProperties) = preSolution
		HideSolutionNode = FALSE
	EndGlobalSection
	GlobalSection(ExtensibilityGlobals) = postSolution
		SolutionGuid = {5FC4DCC5-E478-400B-AAA1-C63C33726CE7}
	EndGlobalSection
EndGlobal
